// !$*UTF8*$!
{
	archiveVersion = 1;
	classes = {
	};
	objectVersion = 50;
	objects = {

/* Begin PBXBuildFile section */
		208D20FB2733565E00C4414E /* Colors.swift in Sources */ = {isa = PBXBuildFile; fileRef = 208D20FA2733565E00C4414E /* Colors.swift */; };
		208D20FD273356B800C4414E /* UIColor.swift in Sources */ = {isa = PBXBuildFile; fileRef = 208D20FC273356B800C4414E /* UIColor.swift */; };
		208D20FF273358EE00C4414E /* Font.swift in Sources */ = {isa = PBXBuildFile; fileRef = 208D20FE273358EE00C4414E /* Font.swift */; };
		208D21022733D6F300C4414E /* StreakBarView.swift in Sources */ = {isa = PBXBuildFile; fileRef = 208D21012733D6F300C4414E /* StreakBarView.swift */; };
		208D21052733D98F00C4414E /* Images.swift in Sources */ = {isa = PBXBuildFile; fileRef = 208D21042733D98F00C4414E /* Images.swift */; };
		208D21072733EEA800C4414E /* AddictionService+Error.swift in Sources */ = {isa = PBXBuildFile; fileRef = 208D21062733EEA800C4414E /* AddictionService+Error.swift */; };
		208D210B2733F4F100C4414E /* Date.swift in Sources */ = {isa = PBXBuildFile; fileRef = 208D210A2733F4F100C4414E /* Date.swift */; };
		208D210D2733F79400C4414E /* String.swift in Sources */ = {isa = PBXBuildFile; fileRef = 208D210C2733F79400C4414E /* String.swift */; };
		208D210F2733F86600C4414E /* UICollectionView.swift in Sources */ = {isa = PBXBuildFile; fileRef = 208D210E2733F86600C4414E /* UICollectionView.swift */; };
		208D21112733F8D800C4414E /* UIButton.swift in Sources */ = {isa = PBXBuildFile; fileRef = 208D21102733F8D800C4414E /* UIButton.swift */; };
		208D21132733FA1300C4414E /* UILabel.swift in Sources */ = {isa = PBXBuildFile; fileRef = 208D21122733FA1300C4414E /* UILabel.swift */; };
		20BEA6A22584118100F7AAB2 /* AppDelegate.swift in Sources */ = {isa = PBXBuildFile; fileRef = 20BEA6A12584118100F7AAB2 /* AppDelegate.swift */; };
		20BEA6A42584118100F7AAB2 /* SceneDelegate.swift in Sources */ = {isa = PBXBuildFile; fileRef = 20BEA6A32584118100F7AAB2 /* SceneDelegate.swift */; };
		20BEA6AC2584118100F7AAB2 /* Break_an_Addiction.xcdatamodeld in Sources */ = {isa = PBXBuildFile; fileRef = 20BEA6AA2584118100F7AAB2 /* Break_an_Addiction.xcdatamodeld */; };
		20BEA6AE2584118400F7AAB2 /* Assets.xcassets in Resources */ = {isa = PBXBuildFile; fileRef = 20BEA6AD2584118400F7AAB2 /* Assets.xcassets */; };
		20BEA6B12584118400F7AAB2 /* LaunchScreen.storyboard in Resources */ = {isa = PBXBuildFile; fileRef = 20BEA6AF2584118400F7AAB2 /* LaunchScreen.storyboard */; };
		20BEA6C12584124600F7AAB2 /* HomeViewController.swift in Sources */ = {isa = PBXBuildFile; fileRef = 20BEA6C02584124600F7AAB2 /* HomeViewController.swift */; };
		20BEA6C82584129E00F7AAB2 /* InstructionsViewController.swift in Sources */ = {isa = PBXBuildFile; fileRef = 20BEA6C72584129E00F7AAB2 /* InstructionsViewController.swift */; };
		20BEA6CC258412A900F7AAB2 /* StatisticsViewController.swift in Sources */ = {isa = PBXBuildFile; fileRef = 20BEA6CB258412A900F7AAB2 /* StatisticsViewController.swift */; };
		20BEA6CF2584130F00F7AAB2 /* RootIntroPageViewController.swift in Sources */ = {isa = PBXBuildFile; fileRef = 20BEA6CE2584130F00F7AAB2 /* RootIntroPageViewController.swift */; };
		20BEA6D2258413DE00F7AAB2 /* UIView+AutoLayout.swift in Sources */ = {isa = PBXBuildFile; fileRef = 20BEA6D1258413DE00F7AAB2 /* UIView+AutoLayout.swift */; };
		20BEA6D5258419EA00F7AAB2 /* TextField.swift in Sources */ = {isa = PBXBuildFile; fileRef = 20BEA6D4258419EA00F7AAB2 /* TextField.swift */; };
		20BEA6DA2584A81100F7AAB2 /* FirstPageViewController.swift in Sources */ = {isa = PBXBuildFile; fileRef = 20BEA6D92584A81100F7AAB2 /* FirstPageViewController.swift */; };
		20BEA6DD2584A98700F7AAB2 /* SecondPageViewController.swift in Sources */ = {isa = PBXBuildFile; fileRef = 20BEA6DC2584A98700F7AAB2 /* SecondPageViewController.swift */; };
		20F9BFC02584C01900EB7F38 /* ThirdPageViewController.swift in Sources */ = {isa = PBXBuildFile; fileRef = 20F9BFBF2584C01900EB7F38 /* ThirdPageViewController.swift */; };
		20F9BFC42584CC5000EB7F38 /* Helper.swift in Sources */ = {isa = PBXBuildFile; fileRef = 20F9BFC32584CC5000EB7F38 /* Helper.swift */; };
		20F9BFD3258737A200EB7F38 /* TagsView.swift in Sources */ = {isa = PBXBuildFile; fileRef = 20F9BFD2258737A200EB7F38 /* TagsView.swift */; };
		20F9BFD7258739E000EB7F38 /* TagsCollectionViewCell.swift in Sources */ = {isa = PBXBuildFile; fileRef = 20F9BFD6258739E000EB7F38 /* TagsCollectionViewCell.swift */; };
		20F9BFDF2587653F00EB7F38 /* MainTabController.swift in Sources */ = {isa = PBXBuildFile; fileRef = 20F9BFDE2587653F00EB7F38 /* MainTabController.swift */; };
		20F9BFE725877C0500EB7F38 /* SettingsViewController.swift in Sources */ = {isa = PBXBuildFile; fileRef = 20F9BFE625877C0500EB7F38 /* SettingsViewController.swift */; };
		20F9BFEA2587831200EB7F38 /* InstructionTableViewCell.swift in Sources */ = {isa = PBXBuildFile; fileRef = 20F9BFE92587831200EB7F38 /* InstructionTableViewCell.swift */; };
		20F9BFED25878D8500EB7F38 /* InstructionLabel.swift in Sources */ = {isa = PBXBuildFile; fileRef = 20F9BFEC25878D8500EB7F38 /* InstructionLabel.swift */; };
		20F9BFF02587B06300EB7F38 /* DataFilterView.swift in Sources */ = {isa = PBXBuildFile; fileRef = 20F9BFEF2587B06300EB7F38 /* DataFilterView.swift */; };
		20F9BFF32587B2DB00EB7F38 /* DataFilterCell.swift in Sources */ = {isa = PBXBuildFile; fileRef = 20F9BFF22587B2DB00EB7F38 /* DataFilterCell.swift */; };
		20F9BFF62587C06A00EB7F38 /* RelapseTableViewCell.swift in Sources */ = {isa = PBXBuildFile; fileRef = 20F9BFF52587C06A00EB7F38 /* RelapseTableViewCell.swift */; };
		20F9BFF92587C07500EB7F38 /* TriggerTableViewCell.swift in Sources */ = {isa = PBXBuildFile; fileRef = 20F9BFF82587C07500EB7F38 /* TriggerTableViewCell.swift */; };
		20F9BFFC258802F600EB7F38 /* RelapseDetailsViewController.swift in Sources */ = {isa = PBXBuildFile; fileRef = 20F9BFFB258802F600EB7F38 /* RelapseDetailsViewController.swift */; };
		20F9BFFF2588030100EB7F38 /* TriggerDetailsViewController.swift in Sources */ = {isa = PBXBuildFile; fileRef = 20F9BFFE2588030100EB7F38 /* TriggerDetailsViewController.swift */; };
		20F9C00725894A7100EB7F38 /* RelapseViewController.swift in Sources */ = {isa = PBXBuildFile; fileRef = 20F9C00625894A7100EB7F38 /* RelapseViewController.swift */; };
		20F9C00A2589811300EB7F38 /* InstructionDetailsViewController.swift in Sources */ = {isa = PBXBuildFile; fileRef = 20F9C0092589811300EB7F38 /* InstructionDetailsViewController.swift */; };
		20F9C011258BFCF300EB7F38 /* AbstainingCounterView.swift in Sources */ = {isa = PBXBuildFile; fileRef = 20F9C010258BFCF300EB7F38 /* AbstainingCounterView.swift */; };
		20F9C014258C017300EB7F38 /* StreaksView.swift in Sources */ = {isa = PBXBuildFile; fileRef = 20F9C013258C017300EB7F38 /* StreaksView.swift */; };
		20F9C017258C226400EB7F38 /* Addiction.swift in Sources */ = {isa = PBXBuildFile; fileRef = 20F9C016258C226400EB7F38 /* Addiction.swift */; };
		20F9C01A258C253300EB7F38 /* AddictionService.swift in Sources */ = {isa = PBXBuildFile; fileRef = 20F9C019258C253300EB7F38 /* AddictionService.swift */; };
		20F9C01D258C276500EB7F38 /* Trigger.swift in Sources */ = {isa = PBXBuildFile; fileRef = 20F9C01C258C276500EB7F38 /* Trigger.swift */; };
		20F9C020258C277600EB7F38 /* Relapse.swift in Sources */ = {isa = PBXBuildFile; fileRef = 20F9C01F258C277600EB7F38 /* Relapse.swift */; };
		20F9C023258CACA900EB7F38 /* Reaction.swift in Sources */ = {isa = PBXBuildFile; fileRef = 20F9C022258CACA900EB7F38 /* Reaction.swift */; };
/* End PBXBuildFile section */

/* Begin PBXFileReference section */
		208D20FA2733565E00C4414E /* Colors.swift */ = {isa = PBXFileReference; lastKnownFileType = sourcecode.swift; path = Colors.swift; sourceTree = "<group>"; };
		208D20FC273356B800C4414E /* UIColor.swift */ = {isa = PBXFileReference; lastKnownFileType = sourcecode.swift; path = UIColor.swift; sourceTree = "<group>"; };
		208D20FE273358EE00C4414E /* Font.swift */ = {isa = PBXFileReference; lastKnownFileType = sourcecode.swift; path = Font.swift; sourceTree = "<group>"; };
		208D21012733D6F300C4414E /* StreakBarView.swift */ = {isa = PBXFileReference; lastKnownFileType = sourcecode.swift; path = StreakBarView.swift; sourceTree = "<group>"; };
		208D21042733D98F00C4414E /* Images.swift */ = {isa = PBXFileReference; lastKnownFileType = sourcecode.swift; path = Images.swift; sourceTree = "<group>"; };
		208D21062733EEA800C4414E /* AddictionService+Error.swift */ = {isa = PBXFileReference; lastKnownFileType = sourcecode.swift; path = "AddictionService+Error.swift"; sourceTree = "<group>"; };
		208D210A2733F4F100C4414E /* Date.swift */ = {isa = PBXFileReference; lastKnownFileType = sourcecode.swift; path = Date.swift; sourceTree = "<group>"; };
		208D210C2733F79400C4414E /* String.swift */ = {isa = PBXFileReference; lastKnownFileType = sourcecode.swift; path = String.swift; sourceTree = "<group>"; };
		208D210E2733F86600C4414E /* UICollectionView.swift */ = {isa = PBXFileReference; lastKnownFileType = sourcecode.swift; path = UICollectionView.swift; sourceTree = "<group>"; };
		208D21102733F8D800C4414E /* UIButton.swift */ = {isa = PBXFileReference; lastKnownFileType = sourcecode.swift; path = UIButton.swift; sourceTree = "<group>"; };
		208D21122733FA1300C4414E /* UILabel.swift */ = {isa = PBXFileReference; lastKnownFileType = sourcecode.swift; path = UILabel.swift; sourceTree = "<group>"; };
		20BEA69E2584118100F7AAB2 /* Break an Addiction.app */ = {isa = PBXFileReference; explicitFileType = wrapper.application; includeInIndex = 0; path = "Break an Addiction.app"; sourceTree = BUILT_PRODUCTS_DIR; };
		20BEA6A12584118100F7AAB2 /* AppDelegate.swift */ = {isa = PBXFileReference; lastKnownFileType = sourcecode.swift; path = AppDelegate.swift; sourceTree = "<group>"; };
		20BEA6A32584118100F7AAB2 /* SceneDelegate.swift */ = {isa = PBXFileReference; lastKnownFileType = sourcecode.swift; path = SceneDelegate.swift; sourceTree = "<group>"; };
		20BEA6AB2584118100F7AAB2 /* Break_an_Addiction.xcdatamodel */ = {isa = PBXFileReference; lastKnownFileType = wrapper.xcdatamodel; path = Break_an_Addiction.xcdatamodel; sourceTree = "<group>"; };
		20BEA6AD2584118400F7AAB2 /* Assets.xcassets */ = {isa = PBXFileReference; lastKnownFileType = folder.assetcatalog; path = Assets.xcassets; sourceTree = "<group>"; };
		20BEA6B02584118400F7AAB2 /* Base */ = {isa = PBXFileReference; lastKnownFileType = file.storyboard; name = Base; path = Base.lproj/LaunchScreen.storyboard; sourceTree = "<group>"; };
		20BEA6B22584118400F7AAB2 /* Info.plist */ = {isa = PBXFileReference; lastKnownFileType = text.plist.xml; path = Info.plist; sourceTree = "<group>"; };
		20BEA6C02584124600F7AAB2 /* HomeViewController.swift */ = {isa = PBXFileReference; lastKnownFileType = sourcecode.swift; path = HomeViewController.swift; sourceTree = "<group>"; };
		20BEA6C72584129E00F7AAB2 /* InstructionsViewController.swift */ = {isa = PBXFileReference; lastKnownFileType = sourcecode.swift; path = InstructionsViewController.swift; sourceTree = "<group>"; };
		20BEA6CB258412A900F7AAB2 /* StatisticsViewController.swift */ = {isa = PBXFileReference; lastKnownFileType = sourcecode.swift; path = StatisticsViewController.swift; sourceTree = "<group>"; };
		20BEA6CE2584130F00F7AAB2 /* RootIntroPageViewController.swift */ = {isa = PBXFileReference; lastKnownFileType = sourcecode.swift; path = RootIntroPageViewController.swift; sourceTree = "<group>"; };
		20BEA6D1258413DE00F7AAB2 /* UIView+AutoLayout.swift */ = {isa = PBXFileReference; lastKnownFileType = sourcecode.swift; path = "UIView+AutoLayout.swift"; sourceTree = "<group>"; };
		20BEA6D4258419EA00F7AAB2 /* TextField.swift */ = {isa = PBXFileReference; lastKnownFileType = sourcecode.swift; path = TextField.swift; sourceTree = "<group>"; };
		20BEA6D92584A81100F7AAB2 /* FirstPageViewController.swift */ = {isa = PBXFileReference; lastKnownFileType = sourcecode.swift; path = FirstPageViewController.swift; sourceTree = "<group>"; };
		20BEA6DC2584A98700F7AAB2 /* SecondPageViewController.swift */ = {isa = PBXFileReference; lastKnownFileType = sourcecode.swift; path = SecondPageViewController.swift; sourceTree = "<group>"; };
		20F9BFBF2584C01900EB7F38 /* ThirdPageViewController.swift */ = {isa = PBXFileReference; lastKnownFileType = sourcecode.swift; path = ThirdPageViewController.swift; sourceTree = "<group>"; };
		20F9BFC32584CC5000EB7F38 /* Helper.swift */ = {isa = PBXFileReference; lastKnownFileType = sourcecode.swift; path = Helper.swift; sourceTree = "<group>"; };
		20F9BFD2258737A200EB7F38 /* TagsView.swift */ = {isa = PBXFileReference; lastKnownFileType = sourcecode.swift; path = TagsView.swift; sourceTree = "<group>"; };
		20F9BFD6258739E000EB7F38 /* TagsCollectionViewCell.swift */ = {isa = PBXFileReference; lastKnownFileType = sourcecode.swift; path = TagsCollectionViewCell.swift; sourceTree = "<group>"; };
		20F9BFDE2587653F00EB7F38 /* MainTabController.swift */ = {isa = PBXFileReference; lastKnownFileType = sourcecode.swift; path = MainTabController.swift; sourceTree = "<group>"; };
		20F9BFE625877C0500EB7F38 /* SettingsViewController.swift */ = {isa = PBXFileReference; lastKnownFileType = sourcecode.swift; path = SettingsViewController.swift; sourceTree = "<group>"; };
		20F9BFE92587831200EB7F38 /* InstructionTableViewCell.swift */ = {isa = PBXFileReference; lastKnownFileType = sourcecode.swift; path = InstructionTableViewCell.swift; sourceTree = "<group>"; };
		20F9BFEC25878D8500EB7F38 /* InstructionLabel.swift */ = {isa = PBXFileReference; lastKnownFileType = sourcecode.swift; path = InstructionLabel.swift; sourceTree = "<group>"; };
		20F9BFEF2587B06300EB7F38 /* DataFilterView.swift */ = {isa = PBXFileReference; lastKnownFileType = sourcecode.swift; path = DataFilterView.swift; sourceTree = "<group>"; };
		20F9BFF22587B2DB00EB7F38 /* DataFilterCell.swift */ = {isa = PBXFileReference; lastKnownFileType = sourcecode.swift; path = DataFilterCell.swift; sourceTree = "<group>"; };
		20F9BFF52587C06A00EB7F38 /* RelapseTableViewCell.swift */ = {isa = PBXFileReference; lastKnownFileType = sourcecode.swift; path = RelapseTableViewCell.swift; sourceTree = "<group>"; };
		20F9BFF82587C07500EB7F38 /* TriggerTableViewCell.swift */ = {isa = PBXFileReference; lastKnownFileType = sourcecode.swift; path = TriggerTableViewCell.swift; sourceTree = "<group>"; };
		20F9BFFB258802F600EB7F38 /* RelapseDetailsViewController.swift */ = {isa = PBXFileReference; lastKnownFileType = sourcecode.swift; path = RelapseDetailsViewController.swift; sourceTree = "<group>"; };
		20F9BFFE2588030100EB7F38 /* TriggerDetailsViewController.swift */ = {isa = PBXFileReference; lastKnownFileType = sourcecode.swift; path = TriggerDetailsViewController.swift; sourceTree = "<group>"; };
		20F9C00625894A7100EB7F38 /* RelapseViewController.swift */ = {isa = PBXFileReference; lastKnownFileType = sourcecode.swift; path = RelapseViewController.swift; sourceTree = "<group>"; };
		20F9C0092589811300EB7F38 /* InstructionDetailsViewController.swift */ = {isa = PBXFileReference; lastKnownFileType = sourcecode.swift; path = InstructionDetailsViewController.swift; sourceTree = "<group>"; };
		20F9C010258BFCF300EB7F38 /* AbstainingCounterView.swift */ = {isa = PBXFileReference; lastKnownFileType = sourcecode.swift; path = AbstainingCounterView.swift; sourceTree = "<group>"; };
		20F9C013258C017300EB7F38 /* StreaksView.swift */ = {isa = PBXFileReference; lastKnownFileType = sourcecode.swift; path = StreaksView.swift; sourceTree = "<group>"; };
		20F9C016258C226400EB7F38 /* Addiction.swift */ = {isa = PBXFileReference; lastKnownFileType = sourcecode.swift; path = Addiction.swift; sourceTree = "<group>"; };
		20F9C019258C253300EB7F38 /* AddictionService.swift */ = {isa = PBXFileReference; lastKnownFileType = sourcecode.swift; path = AddictionService.swift; sourceTree = "<group>"; };
		20F9C01C258C276500EB7F38 /* Trigger.swift */ = {isa = PBXFileReference; lastKnownFileType = sourcecode.swift; path = Trigger.swift; sourceTree = "<group>"; };
		20F9C01F258C277600EB7F38 /* Relapse.swift */ = {isa = PBXFileReference; lastKnownFileType = sourcecode.swift; path = Relapse.swift; sourceTree = "<group>"; };
		20F9C022258CACA900EB7F38 /* Reaction.swift */ = {isa = PBXFileReference; lastKnownFileType = sourcecode.swift; path = Reaction.swift; sourceTree = "<group>"; };
/* End PBXFileReference section */

/* Begin PBXFrameworksBuildPhase section */
		20BEA69B2584118100F7AAB2 /* Frameworks */ = {
			isa = PBXFrameworksBuildPhase;
			buildActionMask = 2147483647;
			files = (
			);
			runOnlyForDeploymentPostprocessing = 0;
		};
/* End PBXFrameworksBuildPhase section */

/* Begin PBXGroup section */
		208D20F92733563200C4414E /* Constants */ = {
			isa = PBXGroup;
			children = (
				208D20FA2733565E00C4414E /* Colors.swift */,
				208D20FE273358EE00C4414E /* Font.swift */,
				208D21042733D98F00C4414E /* Images.swift */,
			);
			path = Constants;
			sourceTree = "<group>";
		};
		208D21002733D6D500C4414E /* Streaks */ = {
			isa = PBXGroup;
			children = (
				20F9C013258C017300EB7F38 /* StreaksView.swift */,
				208D21012733D6F300C4414E /* StreakBarView.swift */,
			);
			path = Streaks;
			sourceTree = "<group>";
		};
		208D21032733D74500C4414E /* Tags */ = {
			isa = PBXGroup;
			children = (
				20F9BFD2258737A200EB7F38 /* TagsView.swift */,
				20F9BFD6258739E000EB7F38 /* TagsCollectionViewCell.swift */,
			);
			path = Tags;
			sourceTree = "<group>";
		};
		208D21152733FB4B00C4414E /* src */ = {
			isa = PBXGroup;
			children = (
				20BEA6A12584118100F7AAB2 /* AppDelegate.swift */,
				20BEA6A32584118100F7AAB2 /* SceneDelegate.swift */,
				20BEA6BF2584121000F7AAB2 /* Model */,
				20BEA6BE2584120D00F7AAB2 /* View */,
				20BEA6BD2584120A00F7AAB2 /* Controller */,
				208D20F92733563200C4414E /* Constants */,
				20BEA6BC2584120800F7AAB2 /* Service */,
				20BEA6BB2584120600F7AAB2 /* Utils */,
			);
			path = src;
			sourceTree = "<group>";
		};
		208D21172733FB7400C4414E /* Resources */ = {
			isa = PBXGroup;
			children = (
				20BEA6AD2584118400F7AAB2 /* Assets.xcassets */,
				20BEA6AF2584118400F7AAB2 /* LaunchScreen.storyboard */,
			);
			path = Resources;
			sourceTree = "<group>";
		};
		208D21182733FC3D00C4414E /* Home */ = {
			isa = PBXGroup;
			children = (
				20F9C010258BFCF300EB7F38 /* AbstainingCounterView.swift */,
			);
			path = Home;
			sourceTree = "<group>";
		};
		208D21192733FC5300C4414E /* Instructions */ = {
			isa = PBXGroup;
			children = (
				20F9BFEC25878D8500EB7F38 /* InstructionLabel.swift */,
				20F9BFE92587831200EB7F38 /* InstructionTableViewCell.swift */,
			);
			path = Instructions;
			sourceTree = "<group>";
		};
		208D211A2733FC7B00C4414E /* Statistics */ = {
			isa = PBXGroup;
			children = (
				20F9BFEF2587B06300EB7F38 /* DataFilterView.swift */,
				20F9BFF22587B2DB00EB7F38 /* DataFilterCell.swift */,
				20F9BFF52587C06A00EB7F38 /* RelapseTableViewCell.swift */,
				20F9BFF82587C07500EB7F38 /* TriggerTableViewCell.swift */,
			);
			path = Statistics;
			sourceTree = "<group>";
		};
		20BEA6952584118100F7AAB2 = {
			isa = PBXGroup;
			children = (
				20BEA6A02584118100F7AAB2 /* Break an Addiction */,
				20BEA69F2584118100F7AAB2 /* Products */,
			);
			sourceTree = "<group>";
		};
		20BEA69F2584118100F7AAB2 /* Products */ = {
			isa = PBXGroup;
			children = (
				20BEA69E2584118100F7AAB2 /* Break an Addiction.app */,
			);
			name = Products;
			sourceTree = "<group>";
		};
		20BEA6A02584118100F7AAB2 /* Break an Addiction */ = {
			isa = PBXGroup;
			children = (
				208D21172733FB7400C4414E /* Resources */,
				208D21152733FB4B00C4414E /* src */,
				20BEA6B22584118400F7AAB2 /* Info.plist */,
				20BEA6AA2584118100F7AAB2 /* Break_an_Addiction.xcdatamodeld */,
			);
			path = "Break an Addiction";
			sourceTree = "<group>";
		};
		20BEA6BB2584120600F7AAB2 /* Utils */ = {
			isa = PBXGroup;
			children = (
				20F9BFC32584CC5000EB7F38 /* Helper.swift */,
				20BEA6D1258413DE00F7AAB2 /* UIView+AutoLayout.swift */,
				208D20FC273356B800C4414E /* UIColor.swift */,
				208D210A2733F4F100C4414E /* Date.swift */,
				208D210C2733F79400C4414E /* String.swift */,
				208D210E2733F86600C4414E /* UICollectionView.swift */,
				208D21102733F8D800C4414E /* UIButton.swift */,
				208D21122733FA1300C4414E /* UILabel.swift */,
			);
			path = Utils;
			sourceTree = "<group>";
		};
		20BEA6BC2584120800F7AAB2 /* Service */ = {
			isa = PBXGroup;
			children = (
				20F9C019258C253300EB7F38 /* AddictionService.swift */,
				208D21062733EEA800C4414E /* AddictionService+Error.swift */,
			);
			path = Service;
			sourceTree = "<group>";
		};
		20BEA6BD2584120A00F7AAB2 /* Controller */ = {
			isa = PBXGroup;
			children = (
				20F9BFDE2587653F00EB7F38 /* MainTabController.swift */,
				20BEA6C32584126E00F7AAB2 /* Intro */,
				20BEA6C42584127400F7AAB2 /* Home */,
				20BEA6C52584127F00F7AAB2 /* Instructions */,
				20BEA6C62584128600F7AAB2 /* Statistics */,
			);
			path = Controller;
			sourceTree = "<group>";
		};
		20BEA6BE2584120D00F7AAB2 /* View */ = {
			isa = PBXGroup;
			children = (
				20BEA6D4258419EA00F7AAB2 /* TextField.swift */,
				208D21182733FC3D00C4414E /* Home */,
				208D21192733FC5300C4414E /* Instructions */,
				208D211A2733FC7B00C4414E /* Statistics */,
				208D21032733D74500C4414E /* Tags */,
				208D21002733D6D500C4414E /* Streaks */,
			);
			path = View;
			sourceTree = "<group>";
		};
		20BEA6BF2584121000F7AAB2 /* Model */ = {
			isa = PBXGroup;
			children = (
				20F9C016258C226400EB7F38 /* Addiction.swift */,
				20F9C01F258C277600EB7F38 /* Relapse.swift */,
				20F9C01C258C276500EB7F38 /* Trigger.swift */,
				20F9C022258CACA900EB7F38 /* Reaction.swift */,
			);
			path = Model;
			sourceTree = "<group>";
		};
		20BEA6C32584126E00F7AAB2 /* Intro */ = {
			isa = PBXGroup;
			children = (
				20BEA6CE2584130F00F7AAB2 /* RootIntroPageViewController.swift */,
				20BEA6D92584A81100F7AAB2 /* FirstPageViewController.swift */,
				20BEA6DC2584A98700F7AAB2 /* SecondPageViewController.swift */,
				20F9BFBF2584C01900EB7F38 /* ThirdPageViewController.swift */,
			);
			path = Intro;
			sourceTree = "<group>";
		};
		20BEA6C42584127400F7AAB2 /* Home */ = {
			isa = PBXGroup;
			children = (
				20BEA6C02584124600F7AAB2 /* HomeViewController.swift */,
				20F9C00625894A7100EB7F38 /* RelapseViewController.swift */,
				20F9BFE625877C0500EB7F38 /* SettingsViewController.swift */,
			);
			path = Home;
			sourceTree = "<group>";
		};
		20BEA6C52584127F00F7AAB2 /* Instructions */ = {
			isa = PBXGroup;
			children = (
				20BEA6C72584129E00F7AAB2 /* InstructionsViewController.swift */,
				20F9C0092589811300EB7F38 /* InstructionDetailsViewController.swift */,
			);
			path = Instructions;
			sourceTree = "<group>";
		};
		20BEA6C62584128600F7AAB2 /* Statistics */ = {
			isa = PBXGroup;
			children = (
				20BEA6CB258412A900F7AAB2 /* StatisticsViewController.swift */,
				20F9BFFB258802F600EB7F38 /* RelapseDetailsViewController.swift */,
				20F9BFFE2588030100EB7F38 /* TriggerDetailsViewController.swift */,
			);
			path = Statistics;
			sourceTree = "<group>";
		};
/* End PBXGroup section */

/* Begin PBXNativeTarget section */
		20BEA69D2584118100F7AAB2 /* Break an Addiction */ = {
			isa = PBXNativeTarget;
			buildConfigurationList = 20BEA6B52584118400F7AAB2 /* Build configuration list for PBXNativeTarget "Break an Addiction" */;
			buildPhases = (
				20BEA69A2584118100F7AAB2 /* Sources */,
				20BEA69B2584118100F7AAB2 /* Frameworks */,
				20BEA69C2584118100F7AAB2 /* Resources */,
			);
			buildRules = (
			);
			dependencies = (
			);
			name = "Break an Addiction";
			productName = "Break an Addiction";
			productReference = 20BEA69E2584118100F7AAB2 /* Break an Addiction.app */;
			productType = "com.apple.product-type.application";
		};
/* End PBXNativeTarget section */

/* Begin PBXProject section */
		20BEA6962584118100F7AAB2 /* Project object */ = {
			isa = PBXProject;
			attributes = {
				LastSwiftUpdateCheck = 1220;
				LastUpgradeCheck = 1220;
				TargetAttributes = {
					20BEA69D2584118100F7AAB2 = {
						CreatedOnToolsVersion = 12.2;
					};
				};
			};
			buildConfigurationList = 20BEA6992584118100F7AAB2 /* Build configuration list for PBXProject "Break an Addiction" */;
			compatibilityVersion = "Xcode 9.3";
			developmentRegion = en;
			hasScannedForEncodings = 0;
			knownRegions = (
				en,
				Base,
			);
			mainGroup = 20BEA6952584118100F7AAB2;
			productRefGroup = 20BEA69F2584118100F7AAB2 /* Products */;
			projectDirPath = "";
			projectRoot = "";
			targets = (
				20BEA69D2584118100F7AAB2 /* Break an Addiction */,
			);
		};
/* End PBXProject section */

/* Begin PBXResourcesBuildPhase section */
		20BEA69C2584118100F7AAB2 /* Resources */ = {
			isa = PBXResourcesBuildPhase;
			buildActionMask = 2147483647;
			files = (
				20BEA6B12584118400F7AAB2 /* LaunchScreen.storyboard in Resources */,
				20BEA6AE2584118400F7AAB2 /* Assets.xcassets in Resources */,
			);
			runOnlyForDeploymentPostprocessing = 0;
		};
/* End PBXResourcesBuildPhase section */

/* Begin PBXSourcesBuildPhase section */
		20BEA69A2584118100F7AAB2 /* Sources */ = {
			isa = PBXSourcesBuildPhase;
			buildActionMask = 2147483647;
			files = (
				20F9BFFC258802F600EB7F38 /* RelapseDetailsViewController.swift in Sources */,
				20F9BFF62587C06A00EB7F38 /* RelapseTableViewCell.swift in Sources */,
				208D21022733D6F300C4414E /* StreakBarView.swift in Sources */,
				20F9BFE725877C0500EB7F38 /* SettingsViewController.swift in Sources */,
				208D21072733EEA800C4414E /* AddictionService+Error.swift in Sources */,
				208D21052733D98F00C4414E /* Images.swift in Sources */,
				20BEA6DA2584A81100F7AAB2 /* FirstPageViewController.swift in Sources */,
				20F9BFC02584C01900EB7F38 /* ThirdPageViewController.swift in Sources */,
				20F9C014258C017300EB7F38 /* StreaksView.swift in Sources */,
				20BEA6C82584129E00F7AAB2 /* InstructionsViewController.swift in Sources */,
				20F9BFFF2588030100EB7F38 /* TriggerDetailsViewController.swift in Sources */,
				20F9BFD7258739E000EB7F38 /* TagsCollectionViewCell.swift in Sources */,
				20F9C023258CACA900EB7F38 /* Reaction.swift in Sources */,
				208D210B2733F4F100C4414E /* Date.swift in Sources */,
				20BEA6CC258412A900F7AAB2 /* StatisticsViewController.swift in Sources */,
				20F9C00A2589811300EB7F38 /* InstructionDetailsViewController.swift in Sources */,
				20F9BFC42584CC5000EB7F38 /* Helper.swift in Sources */,
				20BEA6AC2584118100F7AAB2 /* Break_an_Addiction.xcdatamodeld in Sources */,
				208D210D2733F79400C4414E /* String.swift in Sources */,
				208D21112733F8D800C4414E /* UIButton.swift in Sources */,
				20BEA6D2258413DE00F7AAB2 /* UIView+AutoLayout.swift in Sources */,
				20F9BFF32587B2DB00EB7F38 /* DataFilterCell.swift in Sources */,
				20F9BFEA2587831200EB7F38 /* InstructionTableViewCell.swift in Sources */,
				20BEA6DD2584A98700F7AAB2 /* SecondPageViewController.swift in Sources */,
				20F9C011258BFCF300EB7F38 /* AbstainingCounterView.swift in Sources */,
				20BEA6C12584124600F7AAB2 /* HomeViewController.swift in Sources */,
				20F9C020258C277600EB7F38 /* Relapse.swift in Sources */,
				208D210F2733F86600C4414E /* UICollectionView.swift in Sources */,
				20F9BFD3258737A200EB7F38 /* TagsView.swift in Sources */,
				20F9C01A258C253300EB7F38 /* AddictionService.swift in Sources */,
				20BEA6A22584118100F7AAB2 /* AppDelegate.swift in Sources */,
				20F9C00725894A7100EB7F38 /* RelapseViewController.swift in Sources */,
				20BEA6D5258419EA00F7AAB2 /* TextField.swift in Sources */,
				20F9BFF02587B06300EB7F38 /* DataFilterView.swift in Sources */,
				20F9C01D258C276500EB7F38 /* Trigger.swift in Sources */,
				20F9C017258C226400EB7F38 /* Addiction.swift in Sources */,
				20F9BFDF2587653F00EB7F38 /* MainTabController.swift in Sources */,
				20BEA6CF2584130F00F7AAB2 /* RootIntroPageViewController.swift in Sources */,
				208D20FB2733565E00C4414E /* Colors.swift in Sources */,
				20F9BFF92587C07500EB7F38 /* TriggerTableViewCell.swift in Sources */,
				208D21132733FA1300C4414E /* UILabel.swift in Sources */,
				20F9BFED25878D8500EB7F38 /* InstructionLabel.swift in Sources */,
				208D20FF273358EE00C4414E /* Font.swift in Sources */,
				208D20FD273356B800C4414E /* UIColor.swift in Sources */,
				20BEA6A42584118100F7AAB2 /* SceneDelegate.swift in Sources */,
			);
			runOnlyForDeploymentPostprocessing = 0;
		};
/* End PBXSourcesBuildPhase section */

/* Begin PBXVariantGroup section */
		20BEA6AF2584118400F7AAB2 /* LaunchScreen.storyboard */ = {
			isa = PBXVariantGroup;
			children = (
				20BEA6B02584118400F7AAB2 /* Base */,
			);
			name = LaunchScreen.storyboard;
			sourceTree = "<group>";
		};
/* End PBXVariantGroup section */

/* Begin XCBuildConfiguration section */
		20BEA6B32584118400F7AAB2 /* Debug */ = {
			isa = XCBuildConfiguration;
			buildSettings = {
				ALWAYS_SEARCH_USER_PATHS = NO;
				CLANG_ANALYZER_NONNULL = YES;
				CLANG_ANALYZER_NUMBER_OBJECT_CONVERSION = YES_AGGRESSIVE;
				CLANG_CXX_LANGUAGE_STANDARD = "gnu++14";
				CLANG_CXX_LIBRARY = "libc++";
				CLANG_ENABLE_MODULES = YES;
				CLANG_ENABLE_OBJC_ARC = YES;
				CLANG_ENABLE_OBJC_WEAK = YES;
				CLANG_WARN_BLOCK_CAPTURE_AUTORELEASING = YES;
				CLANG_WARN_BOOL_CONVERSION = YES;
				CLANG_WARN_COMMA = YES;
				CLANG_WARN_CONSTANT_CONVERSION = YES;
				CLANG_WARN_DEPRECATED_OBJC_IMPLEMENTATIONS = YES;
				CLANG_WARN_DIRECT_OBJC_ISA_USAGE = YES_ERROR;
				CLANG_WARN_DOCUMENTATION_COMMENTS = YES;
				CLANG_WARN_EMPTY_BODY = YES;
				CLANG_WARN_ENUM_CONVERSION = YES;
				CLANG_WARN_INFINITE_RECURSION = YES;
				CLANG_WARN_INT_CONVERSION = YES;
				CLANG_WARN_NON_LITERAL_NULL_CONVERSION = YES;
				CLANG_WARN_OBJC_IMPLICIT_RETAIN_SELF = YES;
				CLANG_WARN_OBJC_LITERAL_CONVERSION = YES;
				CLANG_WARN_OBJC_ROOT_CLASS = YES_ERROR;
				CLANG_WARN_QUOTED_INCLUDE_IN_FRAMEWORK_HEADER = YES;
				CLANG_WARN_RANGE_LOOP_ANALYSIS = YES;
				CLANG_WARN_STRICT_PROTOTYPES = YES;
				CLANG_WARN_SUSPICIOUS_MOVE = YES;
				CLANG_WARN_UNGUARDED_AVAILABILITY = YES_AGGRESSIVE;
				CLANG_WARN_UNREACHABLE_CODE = YES;
				CLANG_WARN__DUPLICATE_METHOD_MATCH = YES;
				COPY_PHASE_STRIP = NO;
				DEBUG_INFORMATION_FORMAT = dwarf;
				ENABLE_STRICT_OBJC_MSGSEND = YES;
				ENABLE_TESTABILITY = YES;
				GCC_C_LANGUAGE_STANDARD = gnu11;
				GCC_DYNAMIC_NO_PIC = NO;
				GCC_NO_COMMON_BLOCKS = YES;
				GCC_OPTIMIZATION_LEVEL = 0;
				GCC_PREPROCESSOR_DEFINITIONS = (
					"DEBUG=1",
					"$(inherited)",
				);
				GCC_WARN_64_TO_32_BIT_CONVERSION = YES;
				GCC_WARN_ABOUT_RETURN_TYPE = YES_ERROR;
				GCC_WARN_UNDECLARED_SELECTOR = YES;
				GCC_WARN_UNINITIALIZED_AUTOS = YES_AGGRESSIVE;
				GCC_WARN_UNUSED_FUNCTION = YES;
				GCC_WARN_UNUSED_VARIABLE = YES;
				IPHONEOS_DEPLOYMENT_TARGET = 14.2;
				MTL_ENABLE_DEBUG_INFO = INCLUDE_SOURCE;
				MTL_FAST_MATH = YES;
				ONLY_ACTIVE_ARCH = YES;
				SDKROOT = iphoneos;
				SWIFT_ACTIVE_COMPILATION_CONDITIONS = DEBUG;
				SWIFT_OPTIMIZATION_LEVEL = "-Onone";
			};
			name = Debug;
		};
		20BEA6B42584118400F7AAB2 /* Release */ = {
			isa = XCBuildConfiguration;
			buildSettings = {
				ALWAYS_SEARCH_USER_PATHS = NO;
				CLANG_ANALYZER_NONNULL = YES;
				CLANG_ANALYZER_NUMBER_OBJECT_CONVERSION = YES_AGGRESSIVE;
				CLANG_CXX_LANGUAGE_STANDARD = "gnu++14";
				CLANG_CXX_LIBRARY = "libc++";
				CLANG_ENABLE_MODULES = YES;
				CLANG_ENABLE_OBJC_ARC = YES;
				CLANG_ENABLE_OBJC_WEAK = YES;
				CLANG_WARN_BLOCK_CAPTURE_AUTORELEASING = YES;
				CLANG_WARN_BOOL_CONVERSION = YES;
				CLANG_WARN_COMMA = YES;
				CLANG_WARN_CONSTANT_CONVERSION = YES;
				CLANG_WARN_DEPRECATED_OBJC_IMPLEMENTATIONS = YES;
				CLANG_WARN_DIRECT_OBJC_ISA_USAGE = YES_ERROR;
				CLANG_WARN_DOCUMENTATION_COMMENTS = YES;
				CLANG_WARN_EMPTY_BODY = YES;
				CLANG_WARN_ENUM_CONVERSION = YES;
				CLANG_WARN_INFINITE_RECURSION = YES;
				CLANG_WARN_INT_CONVERSION = YES;
				CLANG_WARN_NON_LITERAL_NULL_CONVERSION = YES;
				CLANG_WARN_OBJC_IMPLICIT_RETAIN_SELF = YES;
				CLANG_WARN_OBJC_LITERAL_CONVERSION = YES;
				CLANG_WARN_OBJC_ROOT_CLASS = YES_ERROR;
				CLANG_WARN_QUOTED_INCLUDE_IN_FRAMEWORK_HEADER = YES;
				CLANG_WARN_RANGE_LOOP_ANALYSIS = YES;
				CLANG_WARN_STRICT_PROTOTYPES = YES;
				CLANG_WARN_SUSPICIOUS_MOVE = YES;
				CLANG_WARN_UNGUARDED_AVAILABILITY = YES_AGGRESSIVE;
				CLANG_WARN_UNREACHABLE_CODE = YES;
				CLANG_WARN__DUPLICATE_METHOD_MATCH = YES;
				COPY_PHASE_STRIP = NO;
				DEBUG_INFORMATION_FORMAT = "dwarf-with-dsym";
				ENABLE_NS_ASSERTIONS = NO;
				ENABLE_STRICT_OBJC_MSGSEND = YES;
				GCC_C_LANGUAGE_STANDARD = gnu11;
				GCC_NO_COMMON_BLOCKS = YES;
				GCC_WARN_64_TO_32_BIT_CONVERSION = YES;
				GCC_WARN_ABOUT_RETURN_TYPE = YES_ERROR;
				GCC_WARN_UNDECLARED_SELECTOR = YES;
				GCC_WARN_UNINITIALIZED_AUTOS = YES_AGGRESSIVE;
				GCC_WARN_UNUSED_FUNCTION = YES;
				GCC_WARN_UNUSED_VARIABLE = YES;
				IPHONEOS_DEPLOYMENT_TARGET = 14.2;
				MTL_ENABLE_DEBUG_INFO = NO;
				MTL_FAST_MATH = YES;
				SDKROOT = iphoneos;
				SWIFT_COMPILATION_MODE = wholemodule;
				SWIFT_OPTIMIZATION_LEVEL = "-O";
				VALIDATE_PRODUCT = YES;
			};
			name = Release;
		};
		20BEA6B62584118400F7AAB2 /* Debug */ = {
			isa = XCBuildConfiguration;
			buildSettings = {
				ASSETCATALOG_COMPILER_APPICON_NAME = AppIcon;
				ASSETCATALOG_COMPILER_GLOBAL_ACCENT_COLOR_NAME = AccentColor;
				CODE_SIGN_STYLE = Automatic;
				DEVELOPMENT_TEAM = G8LSJ9NMNL;
				INFOPLIST_FILE = "Break an Addiction/Info.plist";
				LD_RUNPATH_SEARCH_PATHS = (
					"$(inherited)",
					"@executable_path/Frameworks",
				);
				PRODUCT_BUNDLE_IDENTIFIER = "com.NihadSamedov.Break-an-Addiction";
				PRODUCT_NAME = "$(TARGET_NAME)";
				SWIFT_VERSION = 5.0;
				TARGETED_DEVICE_FAMILY = "1,2";
			};
			name = Debug;
		};
		20BEA6B72584118400F7AAB2 /* Release */ = {
			isa = XCBuildConfiguration;
			buildSettings = {
				ASSETCATALOG_COMPILER_APPICON_NAME = AppIcon;
				ASSETCATALOG_COMPILER_GLOBAL_ACCENT_COLOR_NAME = AccentColor;
				CODE_SIGN_STYLE = Automatic;
				DEVELOPMENT_TEAM = G8LSJ9NMNL;
				INFOPLIST_FILE = "Break an Addiction/Info.plist";
				LD_RUNPATH_SEARCH_PATHS = (
					"$(inherited)",
					"@executable_path/Frameworks",
				);
				PRODUCT_BUNDLE_IDENTIFIER = "com.NihadSamedov.Break-an-Addiction";
				PRODUCT_NAME = "$(TARGET_NAME)";
				SWIFT_VERSION = 5.0;
				TARGETED_DEVICE_FAMILY = "1,2";
			};
			name = Release;
		};
/* End XCBuildConfiguration section */

/* Begin XCConfigurationList section */
		20BEA6992584118100F7AAB2 /* Build configuration list for PBXProject "Break an Addiction" */ = {
			isa = XCConfigurationList;
			buildConfigurations = (
				20BEA6B32584118400F7AAB2 /* Debug */,
				20BEA6B42584118400F7AAB2 /* Release */,
			);
			defaultConfigurationIsVisible = 0;
			defaultConfigurationName = Release;
		};
		20BEA6B52584118400F7AAB2 /* Build configuration list for PBXNativeTarget "Break an Addiction" */ = {
			isa = XCConfigurationList;
			buildConfigurations = (
				20BEA6B62584118400F7AAB2 /* Debug */,
				20BEA6B72584118400F7AAB2 /* Release */,
			);
			defaultConfigurationIsVisible = 0;
			defaultConfigurationName = Release;
		};
/* End XCConfigurationList section */

/* Begin XCVersionGroup section */
		20BEA6AA2584118100F7AAB2 /* Break_an_Addiction.xcdatamodeld */ = {
			isa = XCVersionGroup;
			children = (
				20BEA6AB2584118100F7AAB2 /* Break_an_Addiction.xcdatamodel */,
			);
			currentVersion = 20BEA6AB2584118100F7AAB2 /* Break_an_Addiction.xcdatamodel */;
			path = Break_an_Addiction.xcdatamodeld;
			sourceTree = "<group>";
			versionGroupType = wrapper.xcdatamodel;
		};
/* End XCVersionGroup section */
	};
	rootObject = 20BEA6962584118100F7AAB2 /* Project object */;
}
